
Microsoft Visual Studio Solution File, Format Version 12.00
# Visual Studio Version 17
VisualStudioVersion = 17.13.35919.96 d17.13
MinimumVisualStudioVersion = 10.0.40219.1
Project("{FAE04EC0-301F-11D3-BF4B-00C04F79EFBC}") = "FigurasGeometricasMYLC", "FigurasGeometricasMYLC\FigurasGeometricasMYLC.csproj", "{AA86E690-C123-452D-BC7F-29A21A566384}"
EndProject
Global
	GlobalSection(SolutionConfigurationPlatforms) = preSolution
		Debug|Any CPU = Debug|Any CPU
		Release|Any CPU = Release|Any CPU
	EndGlobalSection
	GlobalSection(ProjectConfigurationPlatforms) = postSolution
		{AA86E690-C123-452D-BC7F-29A21A566384}.Debug|Any CPU.ActiveCfg = Debug|Any CPU
		{AA86E690-C123-452D-BC7F-29A21A566384}.Debug|Any CPU.Build.0 = Debug|Any CPU
		{AA86E690-C123-452D-BC7F-29A21A566384}.Release|Any CPU.ActiveCfg = Release|Any CPU
		{AA86E690-C123-452D-BC7F-29A21A566384}.Release|Any CPU.Build.0 = Release|Any CPU
	EndGlobalSection
	GlobalSection(SolutionProperties) = preSolution
		HideSolutionNode = FALSE
	EndGlobalSection
	GlobalSection(ExtensibilityGlobals) = postSolution
		SolutionGuid = {6D7AC8CA-66FA-4631-BC70-311896BE4E99}
	EndGlobalSection
EndGlobal
